
Microsoft Visual Studio Solution File, Format Version 12.00
# Visual Studio 14
VisualStudioVersion = 14.0.25420.1
MinimumVisualStudioVersion = 10.0.40219.1
Project("{FAE04EC0-301F-11D3-BF4B-00C04F79EFBC}") = "Codetracks.Core", "Codetracks.Core.csproj", "{3EF71981-0716-4DB8-9F67-C707C4E9F3AE}"
EndProject
Project("{FAE04EC0-301F-11D3-BF4B-00C04F79EFBC}") = "Codetracks.Sandbox", "..\Codetracks.Sandbox\Codetracks.Sandbox.csproj", "{CD4000D6-4E35-4340-9E73-E6722EB50435}"
EndProject
Global
	GlobalSection(SolutionConfigurationPlatforms) = preSolution
		Debug|Any CPU = Debug|Any CPU
		Release|Any CPU = Release|Any CPU
	EndGlobalSection
	GlobalSection(ProjectConfigurationPlatforms) = postSolution
		{3EF71981-0716-4DB8-9F67-C707C4E9F3AE}.Debug|Any CPU.ActiveCfg = Debug|Any CPU
		{3EF71981-0716-4DB8-9F67-C707C4E9F3AE}.Debug|Any CPU.Build.0 = Debug|Any CPU
		{3EF71981-0716-4DB8-9F67-C707C4E9F3AE}.Release|Any CPU.ActiveCfg = Release|Any CPU
		{3EF71981-0716-4DB8-9F67-C707C4E9F3AE}.Release|Any CPU.Build.0 = Release|Any CPU
		{CD4000D6-4E35-4340-9E73-E6722EB50435}.Debug|Any CPU.ActiveCfg = Debug|Any CPU
		{CD4000D6-4E35-4340-9E73-E6722EB50435}.Debug|Any CPU.Build.0 = Debug|Any CPU
		{CD4000D6-4E35-4340-9E73-E6722EB50435}.Release|Any CPU.ActiveCfg = Release|Any CPU
		{CD4000D6-4E35-4340-9E73-E6722EB50435}.Release|Any CPU.Build.0 = Release|Any CPU
	EndGlobalSection
	GlobalSection(SolutionProperties) = preSolution
		HideSolutionNode = FALSE
	EndGlobalSection
EndGlobal
